
Microsoft Visual Studio Solution File, Format Version 12.00
# Visual Studio 15
VisualStudioVersion = 15.0.28010.2026
MinimumVisualStudioVersion = 10.0.40219.1
Project("{FAE04EC0-301F-11D3-BF4B-00C04F79EFBC}") = "DynamicIPChecker", "DynamicIPChecker\DynamicIPChecker.csproj", "{17BB5F6E-74E6-4F29-A446-119956338D60}"
EndProject
Global
	GlobalSection(SolutionConfigurationPlatforms) = preSolution
		Debug|Any CPU = Debug|Any CPU
		Release|Any CPU = Release|Any CPU
	EndGlobalSection
	GlobalSection(ProjectConfigurationPlatforms) = postSolution
		{17BB5F6E-74E6-4F29-A446-119956338D60}.Debug|Any CPU.ActiveCfg = Debug|Any CPU
		{17BB5F6E-74E6-4F29-A446-119956338D60}.Debug|Any CPU.Build.0 = Debug|Any CPU
		{17BB5F6E-74E6-4F29-A446-119956338D60}.Release|Any CPU.ActiveCfg = Release|Any CPU
		{17BB5F6E-74E6-4F29-A446-119956338D60}.Release|Any CPU.Build.0 = Release|Any CPU
	EndGlobalSection
	GlobalSection(SolutionProperties) = preSolution
		HideSolutionNode = FALSE
	EndGlobalSection
	GlobalSection(ExtensibilityGlobals) = postSolution
		SolutionGuid = {5AFA8BF1-C624-4A23-8253-292A464A2705}
	EndGlobalSection
EndGlobal
